
Microsoft Visual Studio Solution File, Format Version 12.00
# Visual Studio Version 17
VisualStudioVersion = 17.10.35027.167
MinimumVisualStudioVersion = 10.0.40219.1
Project("{FAE04EC0-301F-11D3-BF4B-00C04F79EFBC}") = "AnyoneForTennis", "AnyoneForTennis\AnyoneForTennis.csproj", "{73453E0B-8B7C-41DC-969D-A6B6822024BF}"
EndProject
Global
	GlobalSection(SolutionConfigurationPlatforms) = preSolution
		Debug|Any CPU = Debug|Any CPU
		Release|Any CPU = Release|Any CPU
	EndGlobalSection
	GlobalSection(ProjectConfigurationPlatforms) = postSolution
		{73453E0B-8B7C-41DC-969D-A6B6822024BF}.Debug|Any CPU.ActiveCfg = Debug|Any CPU
		{73453E0B-8B7C-41DC-969D-A6B6822024BF}.Debug|Any CPU.Build.0 = Debug|Any CPU
		{73453E0B-8B7C-41DC-969D-A6B6822024BF}.Release|Any CPU.ActiveCfg = Release|Any CPU
		{73453E0B-8B7C-41DC-969D-A6B6822024BF}.Release|Any CPU.Build.0 = Release|Any CPU
	EndGlobalSection
	GlobalSection(SolutionProperties) = preSolution
		HideSolutionNode = FALSE
	EndGlobalSection
	GlobalSection(ExtensibilityGlobals) = postSolution
		SolutionGuid = {52591C15-36F9-4D72-8631-8E4C4DE8197F}
	EndGlobalSection
EndGlobal
